
Microsoft Visual Studio Solution File, Format Version 12.00
# Visual Studio Version 17
VisualStudioVersion = 17.11.35312.102
MinimumVisualStudioVersion = 10.0.40219.1
Project("{FAE04EC0-301F-11D3-BF4B-00C04F79EFBC}") = "LojaVirtual - PresentationLayer", "LojaVirtual - PresentationLayer\LojaVirtual - PresentationLayer.csproj", "{9B760FCB-CEC2-4D47-8AE9-E02231AEE5A3}"
EndProject
Project("{FAE04EC0-301F-11D3-BF4B-00C04F79EFBC}") = "DataAccessLayer", "DataAccessLayer\DataAccessLayer.csproj", "{42BFE17D-C3E9-4958-B53D-D29FF167315A}"
EndProject
Project("{FAE04EC0-301F-11D3-BF4B-00C04F79EFBC}") = "Services", "Services\Services.csproj", "{A9382987-F6F2-401A-AAF4-C18579C924D0}"
EndProject
Project("{FAE04EC0-301F-11D3-BF4B-00C04F79EFBC}") = "Entities", "Entities\Entities.csproj", "{7C102D81-6DDD-4829-8097-8CB732D8BD48}"
EndProject
Project("{FAE04EC0-301F-11D3-BF4B-00C04F79EFBC}") = "Shared", "Shared\Shared.csproj", "{07748EFC-8216-418E-AAE7-CFFE5A426B75}"
EndProject
Global
	GlobalSection(SolutionConfigurationPlatforms) = preSolution
		Debug|Any CPU = Debug|Any CPU
		Release|Any CPU = Release|Any CPU
	EndGlobalSection
	GlobalSection(ProjectConfigurationPlatforms) = postSolution
		{9B760FCB-CEC2-4D47-8AE9-E02231AEE5A3}.Debug|Any CPU.ActiveCfg = Debug|Any CPU
		{9B760FCB-CEC2-4D47-8AE9-E02231AEE5A3}.Debug|Any CPU.Build.0 = Debug|Any CPU
		{9B760FCB-CEC2-4D47-8AE9-E02231AEE5A3}.Release|Any CPU.ActiveCfg = Release|Any CPU
		{9B760FCB-CEC2-4D47-8AE9-E02231AEE5A3}.Release|Any CPU.Build.0 = Release|Any CPU
		{42BFE17D-C3E9-4958-B53D-D29FF167315A}.Debug|Any CPU.ActiveCfg = Debug|Any CPU
		{42BFE17D-C3E9-4958-B53D-D29FF167315A}.Debug|Any CPU.Build.0 = Debug|Any CPU
		{42BFE17D-C3E9-4958-B53D-D29FF167315A}.Release|Any CPU.ActiveCfg = Release|Any CPU
		{42BFE17D-C3E9-4958-B53D-D29FF167315A}.Release|Any CPU.Build.0 = Release|Any CPU
		{A9382987-F6F2-401A-AAF4-C18579C924D0}.Debug|Any CPU.ActiveCfg = Debug|Any CPU
		{A9382987-F6F2-401A-AAF4-C18579C924D0}.Debug|Any CPU.Build.0 = Debug|Any CPU
		{A9382987-F6F2-401A-AAF4-C18579C924D0}.Release|Any CPU.ActiveCfg = Release|Any CPU
		{A9382987-F6F2-401A-AAF4-C18579C924D0}.Release|Any CPU.Build.0 = Release|Any CPU
		{7C102D81-6DDD-4829-8097-8CB732D8BD48}.Debug|Any CPU.ActiveCfg = Debug|Any CPU
		{7C102D81-6DDD-4829-8097-8CB732D8BD48}.Debug|Any CPU.Build.0 = Debug|Any CPU
		{7C102D81-6DDD-4829-8097-8CB732D8BD48}.Release|Any CPU.ActiveCfg = Release|Any CPU
		{7C102D81-6DDD-4829-8097-8CB732D8BD48}.Release|Any CPU.Build.0 = Release|Any CPU
		{07748EFC-8216-418E-AAE7-CFFE5A426B75}.Debug|Any CPU.ActiveCfg = Debug|Any CPU
		{07748EFC-8216-418E-AAE7-CFFE5A426B75}.Debug|Any CPU.Build.0 = Debug|Any CPU
		{07748EFC-8216-418E-AAE7-CFFE5A426B75}.Release|Any CPU.ActiveCfg = Release|Any CPU
		{07748EFC-8216-418E-AAE7-CFFE5A426B75}.Release|Any CPU.Build.0 = Release|Any CPU
	EndGlobalSection
	GlobalSection(SolutionProperties) = preSolution
		HideSolutionNode = FALSE
	EndGlobalSection
	GlobalSection(ExtensibilityGlobals) = postSolution
		SolutionGuid = {E85CD8EA-E7AC-471E-8846-02CA714E0612}
	EndGlobalSection
EndGlobal
